// !$*UTF8*$!
{
	archiveVersion = 1;
	classes = {
	};
	objectVersion = 46;
	objects = {

/* Begin PBXBuildFile section */
		773179121C80E193002C78D7 /* AppDelegate.swift in Sources */ = {isa = PBXBuildFile; fileRef = 773179111C80E193002C78D7 /* AppDelegate.swift */; };
		773179141C80E193002C78D7 /* ViewController.swift in Sources */ = {isa = PBXBuildFile; fileRef = 773179131C80E193002C78D7 /* ViewController.swift */; };
		773179171C80E193002C78D7 /* Main.storyboard in Resources */ = {isa = PBXBuildFile; fileRef = 773179151C80E193002C78D7 /* Main.storyboard */; };
		773179191C80E193002C78D7 /* Assets.xcassets in Resources */ = {isa = PBXBuildFile; fileRef = 773179181C80E193002C78D7 /* Assets.xcassets */; };
		7731791C1C80E193002C78D7 /* LaunchScreen.storyboard in Resources */ = {isa = PBXBuildFile; fileRef = 7731791A1C80E193002C78D7 /* LaunchScreen.storyboard */; };
/* End PBXBuildFile section */

/* Begin PBXFileReference section */
		7731790E1C80E193002C78D7 /* TestHaneke.app */ = {isa = PBXFileReference; explicitFileType = wrapper.application; includeInIndex = 0; path = TestHaneke.app; sourceTree = BUILT_PRODUCTS_DIR; };
		773179111C80E193002C78D7 /* AppDelegate.swift */ = {isa = PBXFileReference; lastKnownFileType = sourcecode.swift; path = AppDelegate.swift; sourceTree = "<group>"; };
		773179131C80E193002C78D7 /* ViewController.swift */ = {isa = PBXFileReference; lastKnownFileType = sourcecode.swift; path = ViewController.swift; sourceTree = "<group>"; };
		773179161C80E193002C78D7 /* Base */ = {isa = PBXFileReference; lastKnownFileType = file.storyboard; name = Base; path = Base.lproj/Main.storyboard; sourceTree = "<group>"; };
		773179181C80E193002C78D7 /* Assets.xcassets */ = {isa = PBXFileReference; lastKnownFileType = folder.assetcatalog; path = Assets.xcassets; sourceTree = "<group>"; };
		7731791B1C80E193002C78D7 /* Base */ = {isa = PBXFileReference; lastKnownFileType = file.storyboard; name = Base; path = Base.lproj/LaunchScreen.storyboard; sourceTree = "<group>"; };
		7731791D1C80E193002C78D7 /* Info.plist */ = {isa = PBXFileReference; lastKnownFileType = text.plist.xml; path = Info.plist; sourceTree = "<group>"; };
/* End PBXFileReference section */

/* Begin PBXFrameworksBuildPhase section */
		7731790B1C80E193002C78D7 /* Frameworks */ = {
			isa = PBXFrameworksBuildPhase;
			buildActionMask = 2147483647;
			files = (
			);
			runOnlyForDeploymentPostprocessing = 0;
		};
/* End PBXFrameworksBuildPhase section */

/* Begin PBXGroup section */
		773179051C80E193002C78D7 = {
			isa = PBXGroup;
			children = (
				773179101C80E193002C78D7 /* TestHaneke */,
				7731790F1C80E193002C78D7 /* Products */,
			);
			sourceTree = "<group>";
		};
		7731790F1C80E193002C78D7 /* Products */ = {
			isa = PBXGroup;
			children = (
				7731790E1C80E193002C78D7 /* TestHaneke.app */,
			);
			name = Products;
			sourceTree = "<group>";
		};
		773179101C80E193002C78D7 /* TestHaneke */ = {
			isa = PBXGroup;
			children = (
				773179111C80E193002C78D7 /* AppDelegate.swift */,
				773179131C80E193002C78D7 /* ViewController.swift */,
				773179151C80E193002C78D7 /* Main.storyboard */,
				773179181C80E193002C78D7 /* Assets.xcassets */,
				7731791A1C80E193002C78D7 /* LaunchScreen.storyboard */,
				7731791D1C80E193002C78D7 /* Info.plist */,
			);
			path = TestHaneke;
			sourceTree = "<group>";
		};
/* End PBXGroup section */

/* Begin PBXNativeTarget section */
		7731790D1C80E193002C78D7 /* TestHaneke */ = {
			isa = PBXNativeTarget;
			buildConfigurationList = 773179201C80E193002C78D7 /* Build configuration list for PBXNativeTarget "TestHaneke" */;
			buildPhases = (
				7731790A1C80E193002C78D7 /* Sources */,
				7731790B1C80E193002C78D7 /* Frameworks */,
				7731790C1C80E193002C78D7 /* Resources */,
			);
			buildRules = (
			);
			dependencies = (
			);
			name = TestHaneke;
			productName = TestHaneke;
			productReference = 7731790E1C80E193002C78D7 /* TestHaneke.app */;
			productType = "com.apple.product-type.application";
		};
/* End PBXNativeTarget section */

/* Begin PBXProject section */
		773179061C80E193002C78D7 /* Project object */ = {
			isa = PBXProject;
			attributes = {
				LastSwiftUpdateCheck = 0720;
				LastUpgradeCheck = 0720;
				ORGANIZATIONNAME = "Benjamin Hendricks";
				TargetAttributes = {
					7731790D1C80E193002C78D7 = {
						CreatedOnToolsVersion = 7.2;
					};
				};
			};
			buildConfigurationList = 773179091C80E193002C78D7 /* Build configuration list for PBXProject "TestHaneke" */;
			compatibilityVersion = "Xcode 3.2";
			developmentRegion = English;
			hasScannedForEncodings = 0;
			knownRegions = (
				en,
				Base,
			);
			mainGroup = 773179051C80E193002C78D7;
			productRefGroup = 7731790F1C80E193002C78D7 /* Products */;
			projectDirPath = "";
			projectRoot = "";
			targets = (
				7731790D1C80E193002C78D7 /* TestHaneke */,
			);
		};
/* End PBXProject section */

/* Begin PBXResourcesBuildPhase section */
		7731790C1C80E193002C78D7 /* Resources */ = {
			isa = PBXResourcesBuildPhase;
			buildActionMask = 2147483647;
			files = (
				7731791C1C80E193002C78D7 /* LaunchScreen.storyboard in Resources */,
				773179191C80E193002C78D7 /* Assets.xcassets in Resources */,
				773179171C80E193002C78D7 /* Main.storyboard in Resources */,
			);
			runOnlyForDeploymentPostprocessing = 0;
		};
/* End PBXResourcesBuildPhase section */

/* Begin PBXSourcesBuildPhase section */
		7731790A1C80E193002C78D7 /* Sources */ = {
			isa = PBXSourcesBuildPhase;
			buildActionMask = 2147483647;
			files = (
				773179141C80E193002C78D7 /* ViewController.swift in Sources */,
				773179121C80E193002C78D7 /* AppDelegate.swift in Sources */,
			);
			runOnlyForDeploymentPostprocessing = 0;
		};
/* End PBXSourcesBuildPhase section */

/* Begin PBXVariantGroup section */
		773179151C80E193002C78D7 /* Main.storyboard */ = {
			isa = PBXVariantGroup;
			children = (
				773179161C80E193002C78D7 /* Base */,
			);
			name = Main.storyboard;
			sourceTree = "<group>";
		};
		7731791A1C80E193002C78D7 /* LaunchScreen.storyboard */ = {
			isa = PBXVariantGroup;
			children = (
				7731791B1C80E193002C78D7 /* Base */,
			);
			name = LaunchScreen.storyboard;
			sourceTree = "<group>";
		};
/* End PBXVariantGroup section */

/* Begin XCBuildConfiguration section */
		7731791E1C80E193002C78D7 /* Debug */ = {
			isa = XCBuildConfiguration;
			buildSettings = {
				ALWAYS_SEARCH_USER_PATHS = NO;
				CLANG_CXX_LANGUAGE_STANDARD = "gnu++0x";
				CLANG_CXX_LIBRARY = "libc++";
				CLANG_ENABLE_MODULES = YES;
				CLANG_ENABLE_OBJC_ARC = YES;
				CLANG_WARN_BOOL_CONVERSION = YES;
				CLANG_WARN_CONSTANT_CONVERSION = YES;
				CLANG_WARN_DIRECT_OBJC_ISA_USAGE = YES_ERROR;
				CLANG_WARN_EMPTY_BODY = YES;
				CLANG_WARN_ENUM_CONVERSION = YES;
				CLANG_WARN_INT_CONVERSION = YES;
				CLANG_WARN_OBJC_ROOT_CLASS = YES_ERROR;
				CLANG_WARN_UNREACHABLE_CODE = YES;
				CLANG_WARN__DUPLICATE_METHOD_MATCH = YES;
				"CODE_SIGN_IDENTITY[sdk=iphoneos*]" = "iPhone Developer";
				COPY_PHASE_STRIP = NO;
				DEBUG_INFORMATION_FORMAT = dwarf;
				ENABLE_STRICT_OBJC_MSGSEND = YES;
				ENABLE_TESTABILITY = YES;
				GCC_C_LANGUAGE_STANDARD = gnu99;
				GCC_DYNAMIC_NO_PIC = NO;
				GCC_NO_COMMON_BLOCKS = YES;
				GCC_OPTIMIZATION_LEVEL = 0;
				GCC_PREPROCESSOR_DEFINITIONS = (
					"DEBUG=1",
					"$(inherited)",
				);
				GCC_WARN_64_TO_32_BIT_CONVERSION = YES;
				GCC_WARN_ABOUT_RETURN_TYPE = YES_ERROR;
				GCC_WARN_UNDECLARED_SELECTOR = YES;
				GCC_WARN_UNINITIALIZED_AUTOS = YES_AGGRESSIVE;
				GCC_WARN_UNUSED_FUNCTION = YES;
				GCC_WARN_UNUSED_VARIABLE = YES;
				IPHONEOS_DEPLOYMENT_TARGET = 9.2;
				MTL_ENABLE_DEBUG_INFO = YES;
				ONLY_ACTIVE_ARCH = YES;
				SDKROOT = iphoneos;
				SWIFT_OPTIMIZATION_LEVEL = "-Onone";
				TARGETED_DEVICE_FAMILY = "1,2";
			};
			name = Debug;
		};
		7731791F1C80E193002C78D7 /* Release */ = {
			isa = XCBuildConfiguration;
			buildSettings = {
				ALWAYS_SEARCH_USER_PATHS = NO;
				CLANG_CXX_LANGUAGE_STANDARD = "gnu++0x";
				CLANG_CXX_LIBRARY = "libc++";
				CLANG_ENABLE_MODULES = YES;
				CLANG_ENABLE_OBJC_ARC = YES;
				CLANG_WARN_BOOL_CONVERSION = YES;
				CLANG_WARN_CONSTANT_CONVERSION = YES;
				CLANG_WARN_DIRECT_OBJC_ISA_USAGE = YES_ERROR;
				CLANG_WARN_EMPTY_BODY = YES;
				CLANG_WARN_ENUM_CONVERSION = YES;
				CLANG_WARN_INT_CONVERSION = YES;
				CLANG_WARN_OBJC_ROOT_CLASS = YES_ERROR;
				CLANG_WARN_UNREACHABLE_CODE = YES;
				CLANG_WARN__DUPLICATE_METHOD_MATCH = YES;
				"CODE_SIGN_IDENTITY[sdk=iphoneos*]" = "iPhone Developer";
				COPY_PHASE_STRIP = NO;
				DEBUG_INFORMATION_FORMAT = "dwarf-with-dsym";
				ENABLE_NS_ASSERTIONS = NO;
				ENABLE_STRICT_OBJC_MSGSEND = YES;
				GCC_C_LANGUAGE_STANDARD = gnu99;
				GCC_NO_COMMON_BLOCKS = YES;
				GCC_WARN_64_TO_32_BIT_CONVERSION = YES;
				GCC_WARN_ABOUT_RETURN_TYPE = YES_ERROR;
				GCC_WARN_UNDECLARED_SELECTOR = YES;
				GCC_WARN_UNINITIALIZED_AUTOS = YES_AGGRESSIVE;
				GCC_WARN_UNUSED_FUNCTION = YES;
				GCC_WARN_UNUSED_VARIABLE = YES;
				IPHONEOS_DEPLOYMENT_TARGET = 9.2;
				MTL_ENABLE_DEBUG_INFO = NO;
				SDKROOT = iphoneos;
				TARGETED_DEVICE_FAMILY = "1,2";
				VALIDATE_PRODUCT = YES;
			};
			name = Release;
		};
		773179211C80E193002C78D7 /* Debug */ = {
			isa = XCBuildConfiguration;
			buildSettings = {
				ASSETCATALOG_COMPILER_APPICON_NAME = AppIcon;
				INFOPLIST_FILE = TestHaneke/Info.plist;
				LD_RUNPATH_SEARCH_PATHS = "$(inherited) @executable_path/Frameworks";
				PRODUCT_BUNDLE_IDENTIFIER = bhendricks.TestHaneke;
				PRODUCT_NAME = "$(TARGET_NAME)";
			};
			name = Debug;
		};
		773179221C80E193002C78D7 /* Release */ = {
			isa = XCBuildConfiguration;
			buildSettings = {
				ASSETCATALOG_COMPILER_APPICON_NAME = AppIcon;
				INFOPLIST_FILE = TestHaneke/Info.plist;
				LD_RUNPATH_SEARCH_PATHS = "$(inherited) @executable_path/Frameworks";
				PRODUCT_BUNDLE_IDENTIFIER = bhendricks.TestHaneke;
				PRODUCT_NAME = "$(TARGET_NAME)";
			};
			name = Release;
		};
/* End XCBuildConfiguration section */

/* Begin XCConfigurationList section */
		773179091C80E193002C78D7 /* Build configuration list for PBXProject "TestHaneke" */ = {
			isa = XCConfigurationList;
			buildConfigurations = (
				7731791E1C80E193002C78D7 /* Debug */,
				7731791F1C80E193002C78D7 /* Release */,
			);
			defaultConfigurationIsVisible = 0;
			defaultConfigurationName = Release;
		};
		773179201C80E193002C78D7 /* Build configuration list for PBXNativeTarget "TestHaneke" */ = {
			isa = XCConfigurationList;
			buildConfigurations = (
				773179211C80E193002C78D7 /* Debug */,
				773179221C80E193002C78D7 /* Release */,
			);
			defaultConfigurationIsVisible = 0;
		};
/* End XCConfigurationList section */
	};
	rootObject = 773179061C80E193002C78D7 /* Project object */;
}
